// !$*UTF8*$!
{
	archiveVersion = 1;
	classes = {
	};
	objectVersion = 46;
	objects = {

/* Begin PBXBuildFile section */
		2C6931211E77DC7E004C2AEE /* groceries-placeholder.png in Resources */ = {isa = PBXBuildFile; fileRef = 2C6931201E77DC7E004C2AEE /* groceries-placeholder.png */; };
		2CE162F41E6FF0A400C3B69B /* main.m in Sources */ = {isa = PBXBuildFile; fileRef = 2CE162F31E6FF0A400C3B69B /* main.m */; };
		2CE162F71E6FF0A400C3B69B /* AppDelegate.m in Sources */ = {isa = PBXBuildFile; fileRef = 2CE162F61E6FF0A400C3B69B /* AppDelegate.m */; };
		2CE162FD1E6FF0A400C3B69B /* Main.storyboard in Resources */ = {isa = PBXBuildFile; fileRef = 2CE162FB1E6FF0A400C3B69B /* Main.storyboard */; };
		2CE162FF1E6FF0A400C3B69B /* Assets.xcassets in Resources */ = {isa = PBXBuildFile; fileRef = 2CE162FE1E6FF0A400C3B69B /* Assets.xcassets */; };
		2CE163021E6FF0A400C3B69B /* LaunchScreen.storyboard in Resources */ = {isa = PBXBuildFile; fileRef = 2CE163001E6FF0A400C3B69B /* LaunchScreen.storyboard */; };
		2CE1630B1E6FF0F000C3B69B /* INCQuizViewController.m in Sources */ = {isa = PBXBuildFile; fileRef = 2CE1630A1E6FF0F000C3B69B /* INCQuizViewController.m */; };
		2CE163111E763AE700C3B69B /* zquestions.json in Resources */ = {isa = PBXBuildFile; fileRef = 2CE163101E763AE700C3B69B /* zquestions.json */; };
		2CE163141E76568400C3B69B /* INCQuestion.m in Sources */ = {isa = PBXBuildFile; fileRef = 2CE163131E76568400C3B69B /* INCQuestion.m */; };
		C5077DEF1927D6801B0F65BB /* libPods-Grocer Quiz.a in Frameworks */ = {isa = PBXBuildFile; fileRef = D80EC0671687F4326C8C8D63 /* libPods-Grocer Quiz.a */; };
/* End PBXBuildFile section */

/* Begin PBXFileReference section */
		175D063C11B643353F421BC8 /* Pods-Grocer Quiz.release.xcconfig */ = {isa = PBXFileReference; includeInIndex = 1; lastKnownFileType = text.xcconfig; name = "Pods-Grocer Quiz.release.xcconfig"; path = "Pods/Target Support Files/Pods-Grocer Quiz/Pods-Grocer Quiz.release.xcconfig"; sourceTree = "<group>"; };
		2C6931201E77DC7E004C2AEE /* groceries-placeholder.png */ = {isa = PBXFileReference; lastKnownFileType = image.png; path = "groceries-placeholder.png"; sourceTree = "<group>"; };
		2CE162EF1E6FF0A400C3B69B /* Grocer Quiz.app */ = {isa = PBXFileReference; explicitFileType = wrapper.application; includeInIndex = 0; path = "Grocer Quiz.app"; sourceTree = BUILT_PRODUCTS_DIR; };
		2CE162F31E6FF0A400C3B69B /* main.m */ = {isa = PBXFileReference; lastKnownFileType = sourcecode.c.objc; path = main.m; sourceTree = "<group>"; };
		2CE162F51E6FF0A400C3B69B /* AppDelegate.h */ = {isa = PBXFileReference; lastKnownFileType = sourcecode.c.h; path = AppDelegate.h; sourceTree = "<group>"; };
		2CE162F61E6FF0A400C3B69B /* AppDelegate.m */ = {isa = PBXFileReference; lastKnownFileType = sourcecode.c.objc; path = AppDelegate.m; sourceTree = "<group>"; };
		2CE162FC1E6FF0A400C3B69B /* Base */ = {isa = PBXFileReference; lastKnownFileType = file.storyboard; name = Base; path = Base.lproj/Main.storyboard; sourceTree = "<group>"; };
		2CE162FE1E6FF0A400C3B69B /* Assets.xcassets */ = {isa = PBXFileReference; lastKnownFileType = folder.assetcatalog; path = Assets.xcassets; sourceTree = "<group>"; };
		2CE163011E6FF0A400C3B69B /* Base */ = {isa = PBXFileReference; lastKnownFileType = file.storyboard; name = Base; path = Base.lproj/LaunchScreen.storyboard; sourceTree = "<group>"; };
		2CE163031E6FF0A400C3B69B /* Info.plist */ = {isa = PBXFileReference; lastKnownFileType = text.plist.xml; path = Info.plist; sourceTree = "<group>"; };
		2CE163091E6FF0F000C3B69B /* INCQuizViewController.h */ = {isa = PBXFileReference; fileEncoding = 4; lastKnownFileType = sourcecode.c.h; path = INCQuizViewController.h; sourceTree = "<group>"; };
		2CE1630A1E6FF0F000C3B69B /* INCQuizViewController.m */ = {isa = PBXFileReference; fileEncoding = 4; lastKnownFileType = sourcecode.c.objc; path = INCQuizViewController.m; sourceTree = "<group>"; };
		2CE163101E763AE700C3B69B /* zquestions.json */ = {isa = PBXFileReference; fileEncoding = 4; lastKnownFileType = text.json; path = zquestions.json; sourceTree = "<group>"; };
		2CE163121E76568400C3B69B /* INCQuestion.h */ = {isa = PBXFileReference; fileEncoding = 4; lastKnownFileType = sourcecode.c.h; name = INCQuestion.h; path = Model/INCQuestion.h; sourceTree = "<group>"; };
		2CE163131E76568400C3B69B /* INCQuestion.m */ = {isa = PBXFileReference; fileEncoding = 4; lastKnownFileType = sourcecode.c.objc; name = INCQuestion.m; path = Model/INCQuestion.m; sourceTree = "<group>"; };
		5159416BE114F01C98CDC51F /* Pods-Grocer Quiz.debug.xcconfig */ = {isa = PBXFileReference; includeInIndex = 1; lastKnownFileType = text.xcconfig; name = "Pods-Grocer Quiz.debug.xcconfig"; path = "Pods/Target Support Files/Pods-Grocer Quiz/Pods-Grocer Quiz.debug.xcconfig"; sourceTree = "<group>"; };
		D80EC0671687F4326C8C8D63 /* libPods-Grocer Quiz.a */ = {isa = PBXFileReference; explicitFileType = archive.ar; includeInIndex = 0; path = "libPods-Grocer Quiz.a"; sourceTree = BUILT_PRODUCTS_DIR; };
/* End PBXFileReference section */

/* Begin PBXFrameworksBuildPhase section */
		2CE162EC1E6FF0A400C3B69B /* Frameworks */ = {
			isa = PBXFrameworksBuildPhase;
			buildActionMask = 2147483647;
			files = (
				C5077DEF1927D6801B0F65BB /* libPods-Grocer Quiz.a in Frameworks */,
			);
			runOnlyForDeploymentPostprocessing = 0;
		};
/* End PBXFrameworksBuildPhase section */

/* Begin PBXGroup section */
		2CE162E61E6FF0A400C3B69B = {
			isa = PBXGroup;
			children = (
				2CE162F11E6FF0A400C3B69B /* Grocer Quiz */,
				2CE162F01E6FF0A400C3B69B /* Products */,
				7D71E8ED340C3637374B4FC1 /* Pods */,
				AA81C2A60212AA013A5BCDAC /* Frameworks */,
			);
			sourceTree = "<group>";
		};
		2CE162F01E6FF0A400C3B69B /* Products */ = {
			isa = PBXGroup;
			children = (
				2CE162EF1E6FF0A400C3B69B /* Grocer Quiz.app */,
			);
			name = Products;
			sourceTree = "<group>";
		};
		2CE162F11E6FF0A400C3B69B /* Grocer Quiz */ = {
			isa = PBXGroup;
			children = (
				2CE163151E76568A00C3B69B /* Model */,
				2CE163161E76569700C3B69B /* Controller */,
				2CE162F51E6FF0A400C3B69B /* AppDelegate.h */,
				2CE162F61E6FF0A400C3B69B /* AppDelegate.m */,
				2CE162FB1E6FF0A400C3B69B /* Main.storyboard */,
				2CE162FE1E6FF0A400C3B69B /* Assets.xcassets */,
				2CE163001E6FF0A400C3B69B /* LaunchScreen.storyboard */,
				2CE163031E6FF0A400C3B69B /* Info.plist */,
				2C6931201E77DC7E004C2AEE /* groceries-placeholder.png */,
				2CE162F21E6FF0A400C3B69B /* Supporting Files */,
			);
			path = "Grocer Quiz";
			sourceTree = "<group>";
		};
		2CE162F21E6FF0A400C3B69B /* Supporting Files */ = {
			isa = PBXGroup;
			children = (
				2CE162F31E6FF0A400C3B69B /* main.m */,
			);
			name = "Supporting Files";
			sourceTree = "<group>";
		};
		2CE163151E76568A00C3B69B /* Model */ = {
			isa = PBXGroup;
			children = (
				2CE163121E76568400C3B69B /* INCQuestion.h */,
				2CE163131E76568400C3B69B /* INCQuestion.m */,
				2CE163101E763AE700C3B69B /* zquestions.json */,
			);
			name = Model;
			sourceTree = "<group>";
		};
		2CE163161E76569700C3B69B /* Controller */ = {
			isa = PBXGroup;
			children = (
				2CE163091E6FF0F000C3B69B /* INCQuizViewController.h */,
				2CE1630A1E6FF0F000C3B69B /* INCQuizViewController.m */,
			);
			name = Controller;
			sourceTree = "<group>";
		};
		7D71E8ED340C3637374B4FC1 /* Pods */ = {
			isa = PBXGroup;
			children = (
				5159416BE114F01C98CDC51F /* Pods-Grocer Quiz.debug.xcconfig */,
				175D063C11B643353F421BC8 /* Pods-Grocer Quiz.release.xcconfig */,
			);
			name = Pods;
			sourceTree = "<group>";
		};
		AA81C2A60212AA013A5BCDAC /* Frameworks */ = {
			isa = PBXGroup;
			children = (
				D80EC0671687F4326C8C8D63 /* libPods-Grocer Quiz.a */,
			);
			name = Frameworks;
			sourceTree = "<group>";
		};
/* End PBXGroup section */

/* Begin PBXNativeTarget section */
		2CE162EE1E6FF0A400C3B69B /* Grocer Quiz */ = {
			isa = PBXNativeTarget;
			buildConfigurationList = 2CE163061E6FF0A400C3B69B /* Build configuration list for PBXNativeTarget "Grocer Quiz" */;
			buildPhases = (
				4ED8F72D9BF7AC39E1DA897E /* [CP] Check Pods Manifest.lock */,
				2CE162EB1E6FF0A400C3B69B /* Sources */,
				2CE162EC1E6FF0A400C3B69B /* Frameworks */,
				2CE162ED1E6FF0A400C3B69B /* Resources */,
				0C4C1947C1808DF632B1BD59 /* [CP] Embed Pods Frameworks */,
				4D463FDEEA0EF7EFB813DA77 /* [CP] Copy Pods Resources */,
			);
			buildRules = (
			);
			dependencies = (
			);
			name = "Grocer Quiz";
			productName = "Grocer Quiz";
			productReference = 2CE162EF1E6FF0A400C3B69B /* Grocer Quiz.app */;
			productType = "com.apple.product-type.application";
		};
/* End PBXNativeTarget section */

/* Begin PBXProject section */
		2CE162E71E6FF0A400C3B69B /* Project object */ = {
			isa = PBXProject;
			attributes = {
				LastUpgradeCheck = 0820;
				ORGANIZATIONNAME = "Richard Yeh";
				TargetAttributes = {
					2CE162EE1E6FF0A400C3B69B = {
						CreatedOnToolsVersion = 8.2.1;
						ProvisioningStyle = Automatic;
					};
				};
			};
			buildConfigurationList = 2CE162EA1E6FF0A400C3B69B /* Build configuration list for PBXProject "Grocer Quiz" */;
			compatibilityVersion = "Xcode 3.2";
			developmentRegion = English;
			hasScannedForEncodings = 0;
			knownRegions = (
				en,
				Base,
			);
			mainGroup = 2CE162E61E6FF0A400C3B69B;
			productRefGroup = 2CE162F01E6FF0A400C3B69B /* Products */;
			projectDirPath = "";
			projectRoot = "";
			targets = (
				2CE162EE1E6FF0A400C3B69B /* Grocer Quiz */,
			);
		};
/* End PBXProject section */

/* Begin PBXResourcesBuildPhase section */
		2CE162ED1E6FF0A400C3B69B /* Resources */ = {
			isa = PBXResourcesBuildPhase;
			buildActionMask = 2147483647;
			files = (
				2CE163111E763AE700C3B69B /* zquestions.json in Resources */,
				2C6931211E77DC7E004C2AEE /* groceries-placeholder.png in Resources */,
				2CE163021E6FF0A400C3B69B /* LaunchScreen.storyboard in Resources */,
				2CE162FF1E6FF0A400C3B69B /* Assets.xcassets in Resources */,
				2CE162FD1E6FF0A400C3B69B /* Main.storyboard in Resources */,
			);
			runOnlyForDeploymentPostprocessing = 0;
		};
/* End PBXResourcesBuildPhase section */

/* Begin PBXShellScriptBuildPhase section */
		0C4C1947C1808DF632B1BD59 /* [CP] Embed Pods Frameworks */ = {
			isa = PBXShellScriptBuildPhase;
			buildActionMask = 2147483647;
			files = (
			);
			inputPaths = (
			);
			name = "[CP] Embed Pods Frameworks";
			outputPaths = (
			);
			runOnlyForDeploymentPostprocessing = 0;
			shellPath = /bin/sh;
			shellScript = "\"${SRCROOT}/Pods/Target Support Files/Pods-Grocer Quiz/Pods-Grocer Quiz-frameworks.sh\"\n";
			showEnvVarsInLog = 0;
		};
		4D463FDEEA0EF7EFB813DA77 /* [CP] Copy Pods Resources */ = {
			isa = PBXShellScriptBuildPhase;
			buildActionMask = 2147483647;
			files = (
			);
			inputPaths = (
			);
			name = "[CP] Copy Pods Resources";
			outputPaths = (
			);
			runOnlyForDeploymentPostprocessing = 0;
			shellPath = /bin/sh;
			shellScript = "\"${SRCROOT}/Pods/Target Support Files/Pods-Grocer Quiz/Pods-Grocer Quiz-resources.sh\"\n";
			showEnvVarsInLog = 0;
		};
		4ED8F72D9BF7AC39E1DA897E /* [CP] Check Pods Manifest.lock */ = {
			isa = PBXShellScriptBuildPhase;
			buildActionMask = 2147483647;
			files = (
			);
			inputPaths = (
			);
			name = "[CP] Check Pods Manifest.lock";
			outputPaths = (
			);
			runOnlyForDeploymentPostprocessing = 0;
			shellPath = /bin/sh;
			shellScript = "diff \"${PODS_ROOT}/../Podfile.lock\" \"${PODS_ROOT}/Manifest.lock\" > /dev/null\nif [ $? != 0 ] ; then\n    # print error to STDERR\n    echo \"error: The sandbox is not in sync with the Podfile.lock. Run 'pod install' or update your CocoaPods installation.\" >&2\n    exit 1\nfi\n";
			showEnvVarsInLog = 0;
		};
/* End PBXShellScriptBuildPhase section */

/* Begin PBXSourcesBuildPhase section */
		2CE162EB1E6FF0A400C3B69B /* Sources */ = {
			isa = PBXSourcesBuildPhase;
			buildActionMask = 2147483647;
			files = (
				2CE162F71E6FF0A400C3B69B /* AppDelegate.m in Sources */,
				2CE162F41E6FF0A400C3B69B /* main.m in Sources */,
				2CE163141E76568400C3B69B /* INCQuestion.m in Sources */,
				2CE1630B1E6FF0F000C3B69B /* INCQuizViewController.m in Sources */,
			);
			runOnlyForDeploymentPostprocessing = 0;
		};
/* End PBXSourcesBuildPhase section */

/* Begin PBXVariantGroup section */
		2CE162FB1E6FF0A400C3B69B /* Main.storyboard */ = {
			isa = PBXVariantGroup;
			children = (
				2CE162FC1E6FF0A400C3B69B /* Base */,
			);
			name = Main.storyboard;
			sourceTree = "<group>";
		};
		2CE163001E6FF0A400C3B69B /* LaunchScreen.storyboard */ = {
			isa = PBXVariantGroup;
			children = (
				2CE163011E6FF0A400C3B69B /* Base */,
			);
			name = LaunchScreen.storyboard;
			sourceTree = "<group>";
		};
/* End PBXVariantGroup section */

/* Begin XCBuildConfiguration section */
		2CE163041E6FF0A400C3B69B /* Debug */ = {
			isa = XCBuildConfiguration;
			buildSettings = {
				ALWAYS_SEARCH_USER_PATHS = NO;
				CLANG_ANALYZER_NONNULL = YES;
				CLANG_CXX_LANGUAGE_STANDARD = "gnu++0x";
				CLANG_CXX_LIBRARY = "libc++";
				CLANG_ENABLE_MODULES = YES;
				CLANG_ENABLE_OBJC_ARC = YES;
				CLANG_WARN_BOOL_CONVERSION = YES;
				CLANG_WARN_CONSTANT_CONVERSION = YES;
				CLANG_WARN_DIRECT_OBJC_ISA_USAGE = YES_ERROR;
				CLANG_WARN_DOCUMENTATION_COMMENTS = YES;
				CLANG_WARN_EMPTY_BODY = YES;
				CLANG_WARN_ENUM_CONVERSION = YES;
				CLANG_WARN_INFINITE_RECURSION = YES;
				CLANG_WARN_INT_CONVERSION = YES;
				CLANG_WARN_OBJC_ROOT_CLASS = YES_ERROR;
				CLANG_WARN_SUSPICIOUS_MOVE = YES;
				CLANG_WARN_UNREACHABLE_CODE = YES;
				CLANG_WARN__DUPLICATE_METHOD_MATCH = YES;
				"CODE_SIGN_IDENTITY[sdk=iphoneos*]" = "iPhone Developer";
				COPY_PHASE_STRIP = NO;
				DEBUG_INFORMATION_FORMAT = dwarf;
				ENABLE_STRICT_OBJC_MSGSEND = YES;
				ENABLE_TESTABILITY = YES;
				GCC_C_LANGUAGE_STANDARD = gnu99;
				GCC_DYNAMIC_NO_PIC = NO;
				GCC_NO_COMMON_BLOCKS = YES;
				GCC_OPTIMIZATION_LEVEL = 0;
				GCC_PREPROCESSOR_DEFINITIONS = (
					"DEBUG=1",
					"$(inherited)",
				);
				GCC_WARN_64_TO_32_BIT_CONVERSION = YES;
				GCC_WARN_ABOUT_RETURN_TYPE = YES_ERROR;
				GCC_WARN_UNDECLARED_SELECTOR = YES;
				GCC_WARN_UNINITIALIZED_AUTOS = YES_AGGRESSIVE;
				GCC_WARN_UNUSED_FUNCTION = YES;
				GCC_WARN_UNUSED_VARIABLE = YES;
				IPHONEOS_DEPLOYMENT_TARGET = 10.2;
				MTL_ENABLE_DEBUG_INFO = YES;
				ONLY_ACTIVE_ARCH = YES;
				SDKROOT = iphoneos;
			};
			name = Debug;
		};
		2CE163051E6FF0A400C3B69B /* Release */ = {
			isa = XCBuildConfiguration;
			buildSettings = {
				ALWAYS_SEARCH_USER_PATHS = NO;
				CLANG_ANALYZER_NONNULL = YES;
				CLANG_CXX_LANGUAGE_STANDARD = "gnu++0x";
				CLANG_CXX_LIBRARY = "libc++";
				CLANG_ENABLE_MODULES = YES;
				CLANG_ENABLE_OBJC_ARC = YES;
				CLANG_WARN_BOOL_CONVERSION = YES;
				CLANG_WARN_CONSTANT_CONVERSION = YES;
				CLANG_WARN_DIRECT_OBJC_ISA_USAGE = YES_ERROR;
				CLANG_WARN_DOCUMENTATION_COMMENTS = YES;
				CLANG_WARN_EMPTY_BODY = YES;
				CLANG_WARN_ENUM_CONVERSION = YES;
				CLANG_WARN_INFINITE_RECURSION = YES;
				CLANG_WARN_INT_CONVERSION = YES;
				CLANG_WARN_OBJC_ROOT_CLASS = YES_ERROR;
				CLANG_WARN_SUSPICIOUS_MOVE = YES;
				CLANG_WARN_UNREACHABLE_CODE = YES;
				CLANG_WARN__DUPLICATE_METHOD_MATCH = YES;
				"CODE_SIGN_IDENTITY[sdk=iphoneos*]" = "iPhone Developer";
				COPY_PHASE_STRIP = NO;
				DEBUG_INFORMATION_FORMAT = "dwarf-with-dsym";
				ENABLE_NS_ASSERTIONS = NO;
				ENABLE_STRICT_OBJC_MSGSEND = YES;
				GCC_C_LANGUAGE_STANDARD = gnu99;
				GCC_NO_COMMON_BLOCKS = YES;
				GCC_WARN_64_TO_32_BIT_CONVERSION = YES;
				GCC_WARN_ABOUT_RETURN_TYPE = YES_ERROR;
				GCC_WARN_UNDECLARED_SELECTOR = YES;
				GCC_WARN_UNINITIALIZED_AUTOS = YES_AGGRESSIVE;
				GCC_WARN_UNUSED_FUNCTION = YES;
				GCC_WARN_UNUSED_VARIABLE = YES;
				IPHONEOS_DEPLOYMENT_TARGET = 10.2;
				MTL_ENABLE_DEBUG_INFO = NO;
				SDKROOT = iphoneos;
				VALIDATE_PRODUCT = YES;
			};
			name = Release;
		};
		2CE163071E6FF0A400C3B69B /* Debug */ = {
			isa = XCBuildConfiguration;
			baseConfigurationReference = 5159416BE114F01C98CDC51F /* Pods-Grocer Quiz.debug.xcconfig */;
			buildSettings = {
				ASSETCATALOG_COMPILER_APPICON_NAME = AppIcon;
				INFOPLIST_FILE = "Grocer Quiz/Info.plist";
				LD_RUNPATH_SEARCH_PATHS = "$(inherited) @executable_path/Frameworks";
				PRODUCT_BUNDLE_IDENTIFIER = "apocryphon.github.io.Grocer-Quiz";
				PRODUCT_NAME = "$(TARGET_NAME)";
			};
			name = Debug;
		};
		2CE163081E6FF0A400C3B69B /* Release */ = {
			isa = XCBuildConfiguration;
			baseConfigurationReference = 175D063C11B643353F421BC8 /* Pods-Grocer Quiz.release.xcconfig */;
			buildSettings = {
				ASSETCATALOG_COMPILER_APPICON_NAME = AppIcon;
				INFOPLIST_FILE = "Grocer Quiz/Info.plist";
				LD_RUNPATH_SEARCH_PATHS = "$(inherited) @executable_path/Frameworks";
				PRODUCT_BUNDLE_IDENTIFIER = "apocryphon.github.io.Grocer-Quiz";
				PRODUCT_NAME = "$(TARGET_NAME)";
			};
			name = Release;
		};
/* End XCBuildConfiguration section */

/* Begin XCConfigurationList section */
		2CE162EA1E6FF0A400C3B69B /* Build configuration list for PBXProject "Grocer Quiz" */ = {
			isa = XCConfigurationList;
			buildConfigurations = (
				2CE163041E6FF0A400C3B69B /* Debug */,
				2CE163051E6FF0A400C3B69B /* Release */,
			);
			defaultConfigurationIsVisible = 0;
			defaultConfigurationName = Release;
		};
		2CE163061E6FF0A400C3B69B /* Build configuration list for PBXNativeTarget "Grocer Quiz" */ = {
			isa = XCConfigurationList;
			buildConfigurations = (
				2CE163071E6FF0A400C3B69B /* Debug */,
				2CE163081E6FF0A400C3B69B /* Release */,
			);
			defaultConfigurationIsVisible = 0;
			defaultConfigurationName = Release;
		};
/* End XCConfigurationList section */
	};
	rootObject = 2CE162E71E6FF0A400C3B69B /* Project object */;
}
